
Microsoft Visual Studio Solution File, Format Version 12.00
# Visual Studio Version 17
VisualStudioVersion = 17.11.35327.3
MinimumVisualStudioVersion = 10.0.40219.1
Project("{FAE04EC0-301F-11D3-BF4B-00C04F79EFBC}") = "OnlineShopBE", "OnlineShopBE.csproj", "{081B6B5B-0C15-4665-9D85-5E18BA8B7808}"
EndProject
Global
	GlobalSection(SolutionConfigurationPlatforms) = preSolution
		Debug|Any CPU = Debug|Any CPU
		Release|Any CPU = Release|Any CPU
	EndGlobalSection
	GlobalSection(ProjectConfigurationPlatforms) = postSolution
		{081B6B5B-0C15-4665-9D85-5E18BA8B7808}.Debug|Any CPU.ActiveCfg = Debug|Any CPU
		{081B6B5B-0C15-4665-9D85-5E18BA8B7808}.Debug|Any CPU.Build.0 = Debug|Any CPU
		{081B6B5B-0C15-4665-9D85-5E18BA8B7808}.Release|Any CPU.ActiveCfg = Release|Any CPU
		{081B6B5B-0C15-4665-9D85-5E18BA8B7808}.Release|Any CPU.Build.0 = Release|Any CPU
	EndGlobalSection
	GlobalSection(SolutionProperties) = preSolution
		HideSolutionNode = FALSE
	EndGlobalSection
	GlobalSection(ExtensibilityGlobals) = postSolution
		SolutionGuid = {119C68C8-C222-40DA-BB1C-0DFA41949692}
	EndGlobalSection
EndGlobal
